
Microsoft Visual Studio Solution File, Format Version 12.00
# Visual Studio Version 17
VisualStudioVersion = 17.7.34031.279
MinimumVisualStudioVersion = 10.0.40219.1
Project("{FAE04EC0-301F-11D3-BF4B-00C04F79EFBC}") = "ConcurrencyTricks", "ConcurrencyTricks\ConcurrencyTricks.csproj", "{7B1A0476-AF0D-4A4F-891D-D7DE39C916F9}"
EndProject
Global
	GlobalSection(SolutionConfigurationPlatforms) = preSolution
		Debug|Any CPU = Debug|Any CPU
		Release|Any CPU = Release|Any CPU
	EndGlobalSection
	GlobalSection(ProjectConfigurationPlatforms) = postSolution
		{7B1A0476-AF0D-4A4F-891D-D7DE39C916F9}.Debug|Any CPU.ActiveCfg = Debug|Any CPU
		{7B1A0476-AF0D-4A4F-891D-D7DE39C916F9}.Debug|Any CPU.Build.0 = Debug|Any CPU
		{7B1A0476-AF0D-4A4F-891D-D7DE39C916F9}.Release|Any CPU.ActiveCfg = Release|Any CPU
		{7B1A0476-AF0D-4A4F-891D-D7DE39C916F9}.Release|Any CPU.Build.0 = Release|Any CPU
	EndGlobalSection
	GlobalSection(SolutionProperties) = preSolution
		HideSolutionNode = FALSE
	EndGlobalSection
	GlobalSection(ExtensibilityGlobals) = postSolution
		SolutionGuid = {1D58AE82-E0E1-42CA-A7CF-B2004CAC7294}
	EndGlobalSection
EndGlobal
